
Microsoft Visual Studio Solution File, Format Version 12.00
# Visual Studio Version 17
VisualStudioVersion = 17.1.32319.34
MinimumVisualStudioVersion = 10.0.40219.1
Project("{9A19103F-16F7-4668-BE54-9A1E7A4F7556}") = "SIProjectSet1", "SIProjectSet1\SIProjectSet1.csproj", "{FDFC5EC0-10BE-459A-8BA0-5AB6E5F0FBE2}"
EndProject
Project("{54A90642-561A-4BB1-A94E-469ADEE60C69}") = "SIProjectSet1Frontend", "SIProjectSet1Frontend\SIProjectSet1Frontend.esproj", "{7AB507D8-F4FB-490C-A859-BE9E2C856616}"
EndProject
Global
	GlobalSection(SolutionConfigurationPlatforms) = preSolution
		Debug|Any CPU = Debug|Any CPU
		Release|Any CPU = Release|Any CPU
	EndGlobalSection
	GlobalSection(ProjectConfigurationPlatforms) = postSolution
		{FDFC5EC0-10BE-459A-8BA0-5AB6E5F0FBE2}.Debug|Any CPU.ActiveCfg = Debug|Any CPU
		{FDFC5EC0-10BE-459A-8BA0-5AB6E5F0FBE2}.Debug|Any CPU.Build.0 = Debug|Any CPU
		{FDFC5EC0-10BE-459A-8BA0-5AB6E5F0FBE2}.Release|Any CPU.ActiveCfg = Release|Any CPU
		{FDFC5EC0-10BE-459A-8BA0-5AB6E5F0FBE2}.Release|Any CPU.Build.0 = Release|Any CPU
		{7AB507D8-F4FB-490C-A859-BE9E2C856616}.Debug|Any CPU.ActiveCfg = Debug|Any CPU
		{7AB507D8-F4FB-490C-A859-BE9E2C856616}.Debug|Any CPU.Build.0 = Debug|Any CPU
		{7AB507D8-F4FB-490C-A859-BE9E2C856616}.Debug|Any CPU.Deploy.0 = Debug|Any CPU
		{7AB507D8-F4FB-490C-A859-BE9E2C856616}.Release|Any CPU.ActiveCfg = Release|Any CPU
		{7AB507D8-F4FB-490C-A859-BE9E2C856616}.Release|Any CPU.Build.0 = Release|Any CPU
		{7AB507D8-F4FB-490C-A859-BE9E2C856616}.Release|Any CPU.Deploy.0 = Release|Any CPU
	EndGlobalSection
	GlobalSection(SolutionProperties) = preSolution
		HideSolutionNode = FALSE
	EndGlobalSection
	GlobalSection(ExtensibilityGlobals) = postSolution
		SolutionGuid = {D72CB7B4-77E0-435E-BA08-BF2846EA6B08}
	EndGlobalSection
EndGlobal
